
Microsoft Visual Studio Solution File, Format Version 12.00
# Visual Studio 15
VisualStudioVersion = 15.0.28010.2003
MinimumVisualStudioVersion = 10.0.40219.1
Project("{FAE04EC0-301F-11D3-BF4B-00C04F79EFBC}") = "SmartHouse", "SmartHouse\SmartHouse.csproj", "{5A2DBE62-42FA-4B99-9450-38F02C7ECAAD}"
EndProject
Global
	GlobalSection(SolutionConfigurationPlatforms) = preSolution
		Debug|Any CPU = Debug|Any CPU
		Release|Any CPU = Release|Any CPU
	EndGlobalSection
	GlobalSection(ProjectConfigurationPlatforms) = postSolution
		{5A2DBE62-42FA-4B99-9450-38F02C7ECAAD}.Debug|Any CPU.ActiveCfg = Debug|Any CPU
		{5A2DBE62-42FA-4B99-9450-38F02C7ECAAD}.Debug|Any CPU.Build.0 = Debug|Any CPU
		{5A2DBE62-42FA-4B99-9450-38F02C7ECAAD}.Release|Any CPU.ActiveCfg = Release|Any CPU
		{5A2DBE62-42FA-4B99-9450-38F02C7ECAAD}.Release|Any CPU.Build.0 = Release|Any CPU
	EndGlobalSection
	GlobalSection(SolutionProperties) = preSolution
		HideSolutionNode = FALSE
	EndGlobalSection
	GlobalSection(ExtensibilityGlobals) = postSolution
		SolutionGuid = {456ED4C1-FF0B-447D-8E6D-5AEB12EFF1AE}
	EndGlobalSection
EndGlobal
